
Microsoft Visual Studio Solution File, Format Version 12.00
# Visual Studio Version 17
VisualStudioVersion = 17.5.33516.290
MinimumVisualStudioVersion = 10.0.40219.1
Project("{9A19103F-16F7-4668-BE54-9A1E7A4F7556}") = "FinanceManagement.Api", "FinanceManagement.Api\FinanceManagement.Api.csproj", "{79F20F48-4827-47EA-BB56-BD9B5CC8FA0D}"
EndProject
Project("{9A19103F-16F7-4668-BE54-9A1E7A4F7556}") = "FinanceManagement.Tests", "FinanceManagement.Tests\FinanceManagement.Tests.csproj", "{468DF417-B231-4B41-A5B2-7A3F018220B9}"
EndProject
Project("{2150E333-8FDC-42A3-9474-1A3956D46DE8}") = "Solution Items", "Solution Items", "{0CE1D9E8-5935-49A5-9DE6-13546E0AF587}"
	ProjectSection(SolutionItems) = preProject
		.dockerignore = .dockerignore
		.editorconfig = .editorconfig
	EndProjectSection
EndProject
Project("{E53339B2-1760-4266-BCC7-CA923CBCF16C}") = "docker-compose", "docker-compose.dcproj", "{F609F7E9-4491-4D83-A6B3-49F8B25AC327}"
EndProject
Global
	GlobalSection(SolutionConfigurationPlatforms) = preSolution
		Debug|Any CPU = Debug|Any CPU
		Release|Any CPU = Release|Any CPU
	EndGlobalSection
	GlobalSection(ProjectConfigurationPlatforms) = postSolution
		{79F20F48-4827-47EA-BB56-BD9B5CC8FA0D}.Debug|Any CPU.ActiveCfg = Debug|Any CPU
		{79F20F48-4827-47EA-BB56-BD9B5CC8FA0D}.Debug|Any CPU.Build.0 = Debug|Any CPU
		{79F20F48-4827-47EA-BB56-BD9B5CC8FA0D}.Release|Any CPU.ActiveCfg = Release|Any CPU
		{79F20F48-4827-47EA-BB56-BD9B5CC8FA0D}.Release|Any CPU.Build.0 = Release|Any CPU
		{468DF417-B231-4B41-A5B2-7A3F018220B9}.Debug|Any CPU.ActiveCfg = Debug|Any CPU
		{468DF417-B231-4B41-A5B2-7A3F018220B9}.Debug|Any CPU.Build.0 = Debug|Any CPU
		{468DF417-B231-4B41-A5B2-7A3F018220B9}.Release|Any CPU.ActiveCfg = Release|Any CPU
		{468DF417-B231-4B41-A5B2-7A3F018220B9}.Release|Any CPU.Build.0 = Release|Any CPU
		{F609F7E9-4491-4D83-A6B3-49F8B25AC327}.Debug|Any CPU.ActiveCfg = Debug|Any CPU
		{F609F7E9-4491-4D83-A6B3-49F8B25AC327}.Debug|Any CPU.Build.0 = Debug|Any CPU
		{F609F7E9-4491-4D83-A6B3-49F8B25AC327}.Release|Any CPU.ActiveCfg = Release|Any CPU
		{F609F7E9-4491-4D83-A6B3-49F8B25AC327}.Release|Any CPU.Build.0 = Release|Any CPU
	EndGlobalSection
	GlobalSection(SolutionProperties) = preSolution
		HideSolutionNode = FALSE
	EndGlobalSection
	GlobalSection(ExtensibilityGlobals) = postSolution
		SolutionGuid = {F80EE0D6-49DE-46A7-851A-C7AF5C412A30}
	EndGlobalSection
EndGlobal
